// !$*UTF8*$!
{
	archiveVersion = 1;
	classes = {
	};
	objectVersion = 46;
	objects = {

/* Begin PBXBuildFile section */
		1F25BBFC1C86AFCF001B52A6 /* Default-568h@2x.png in Resources */ = {isa = PBXBuildFile; fileRef = 1F25BBFB1C86AFCF001B52A6 /* Default-568h@2x.png */; };
		1F25FFA61C80F15F00A393E0 /* AppDelegate.swift in Sources */ = {isa = PBXBuildFile; fileRef = 1F25FFA51C80F15F00A393E0 /* AppDelegate.swift */; };
		1F25FFA81C80F15F00A393E0 /* ViewController.swift in Sources */ = {isa = PBXBuildFile; fileRef = 1F25FFA71C80F15F00A393E0 /* ViewController.swift */; };
		1F25FFAB1C80F15F00A393E0 /* Main.storyboard in Resources */ = {isa = PBXBuildFile; fileRef = 1F25FFA91C80F15F00A393E0 /* Main.storyboard */; };
		1F25FFAD1C80F15F00A393E0 /* Assets.xcassets in Resources */ = {isa = PBXBuildFile; fileRef = 1F25FFAC1C80F15F00A393E0 /* Assets.xcassets */; };
		1F5BEAC61C86944400E7F08D /* AboutViewController.swift in Sources */ = {isa = PBXBuildFile; fileRef = 1F5BEAC51C86944400E7F08D /* AboutViewController.swift */; };
		1FDEF1C41C86A1BA00DE4534 /* BullsEye.html in Resources */ = {isa = PBXBuildFile; fileRef = 1FDEF1C31C86A1BA00DE4534 /* BullsEye.html */; };
/* End PBXBuildFile section */

/* Begin PBXFileReference section */
		1F25BBFB1C86AFCF001B52A6 /* Default-568h@2x.png */ = {isa = PBXFileReference; lastKnownFileType = image.png; path = "Default-568h@2x.png"; sourceTree = "<group>"; };
		1F25FFA21C80F15F00A393E0 /* BullsEye.app */ = {isa = PBXFileReference; explicitFileType = wrapper.application; includeInIndex = 0; path = BullsEye.app; sourceTree = BUILT_PRODUCTS_DIR; };
		1F25FFA51C80F15F00A393E0 /* AppDelegate.swift */ = {isa = PBXFileReference; lastKnownFileType = sourcecode.swift; path = AppDelegate.swift; sourceTree = "<group>"; };
		1F25FFA71C80F15F00A393E0 /* ViewController.swift */ = {isa = PBXFileReference; lastKnownFileType = sourcecode.swift; path = ViewController.swift; sourceTree = "<group>"; };
		1F25FFAA1C80F15F00A393E0 /* Base */ = {isa = PBXFileReference; lastKnownFileType = file.storyboard; name = Base; path = Base.lproj/Main.storyboard; sourceTree = "<group>"; };
		1F25FFAC1C80F15F00A393E0 /* Assets.xcassets */ = {isa = PBXFileReference; lastKnownFileType = folder.assetcatalog; path = Assets.xcassets; sourceTree = "<group>"; };
		1F25FFB11C80F15F00A393E0 /* Info.plist */ = {isa = PBXFileReference; lastKnownFileType = text.plist.xml; path = Info.plist; sourceTree = "<group>"; };
		1F5BEAC51C86944400E7F08D /* AboutViewController.swift */ = {isa = PBXFileReference; fileEncoding = 4; lastKnownFileType = sourcecode.swift; path = AboutViewController.swift; sourceTree = "<group>"; };
		1FDEF1C31C86A1BA00DE4534 /* BullsEye.html */ = {isa = PBXFileReference; fileEncoding = 4; lastKnownFileType = text.html; name = BullsEye.html; path = "../../../../../../Desktop/me/Edu/The iOS Apprentice 1 - Getting Started/Resources/BullsEye.html"; sourceTree = "<group>"; };
/* End PBXFileReference section */

/* Begin PBXFrameworksBuildPhase section */
		1F25FF9F1C80F15F00A393E0 /* Frameworks */ = {
			isa = PBXFrameworksBuildPhase;
			buildActionMask = 2147483647;
			files = (
			);
			runOnlyForDeploymentPostprocessing = 0;
		};
/* End PBXFrameworksBuildPhase section */

/* Begin PBXGroup section */
		1F25FF991C80F15F00A393E0 = {
			isa = PBXGroup;
			children = (
				1F25BBFB1C86AFCF001B52A6 /* Default-568h@2x.png */,
				1F25FFA41C80F15F00A393E0 /* BullsEye */,
				1F25FFA31C80F15F00A393E0 /* Products */,
			);
			sourceTree = "<group>";
		};
		1F25FFA31C80F15F00A393E0 /* Products */ = {
			isa = PBXGroup;
			children = (
				1F25FFA21C80F15F00A393E0 /* BullsEye.app */,
			);
			name = Products;
			sourceTree = "<group>";
		};
		1F25FFA41C80F15F00A393E0 /* BullsEye */ = {
			isa = PBXGroup;
			children = (
				1FDEF1C31C86A1BA00DE4534 /* BullsEye.html */,
				1F5BEAC51C86944400E7F08D /* AboutViewController.swift */,
				1F25FFA51C80F15F00A393E0 /* AppDelegate.swift */,
				1F25FFA71C80F15F00A393E0 /* ViewController.swift */,
				1F25FFA91C80F15F00A393E0 /* Main.storyboard */,
				1F25FFAC1C80F15F00A393E0 /* Assets.xcassets */,
				1F25FFB11C80F15F00A393E0 /* Info.plist */,
			);
			path = BullsEye;
			sourceTree = "<group>";
		};
/* End PBXGroup section */

/* Begin PBXNativeTarget section */
		1F25FFA11C80F15F00A393E0 /* BullsEye */ = {
			isa = PBXNativeTarget;
			buildConfigurationList = 1F25FFB41C80F15F00A393E0 /* Build configuration list for PBXNativeTarget "BullsEye" */;
			buildPhases = (
				1F25FF9E1C80F15F00A393E0 /* Sources */,
				1F25FF9F1C80F15F00A393E0 /* Frameworks */,
				1F25FFA01C80F15F00A393E0 /* Resources */,
			);
			buildRules = (
			);
			dependencies = (
			);
			name = BullsEye;
			productName = BullsEye;
			productReference = 1F25FFA21C80F15F00A393E0 /* BullsEye.app */;
			productType = "com.apple.product-type.application";
		};
/* End PBXNativeTarget section */

/* Begin PBXProject section */
		1F25FF9A1C80F15F00A393E0 /* Project object */ = {
			isa = PBXProject;
			attributes = {
				LastSwiftUpdateCheck = 0720;
				LastUpgradeCheck = 0720;
				ORGANIZATIONNAME = "Travis Cunningham";
				TargetAttributes = {
					1F25FFA11C80F15F00A393E0 = {
						CreatedOnToolsVersion = 7.2.1;
						DevelopmentTeam = HLC77V4C4H;
					};
				};
			};
			buildConfigurationList = 1F25FF9D1C80F15F00A393E0 /* Build configuration list for PBXProject "BullsEye" */;
			compatibilityVersion = "Xcode 3.2";
			developmentRegion = English;
			hasScannedForEncodings = 0;
			knownRegions = (
				en,
				Base,
			);
			mainGroup = 1F25FF991C80F15F00A393E0;
			productRefGroup = 1F25FFA31C80F15F00A393E0 /* Products */;
			projectDirPath = "";
			projectRoot = "";
			targets = (
				1F25FFA11C80F15F00A393E0 /* BullsEye */,
			);
		};
/* End PBXProject section */

/* Begin PBXResourcesBuildPhase section */
		1F25FFA01C80F15F00A393E0 /* Resources */ = {
			isa = PBXResourcesBuildPhase;
			buildActionMask = 2147483647;
			files = (
				1FDEF1C41C86A1BA00DE4534 /* BullsEye.html in Resources */,
				1F25BBFC1C86AFCF001B52A6 /* Default-568h@2x.png in Resources */,
				1F25FFAD1C80F15F00A393E0 /* Assets.xcassets in Resources */,
				1F25FFAB1C80F15F00A393E0 /* Main.storyboard in Resources */,
			);
			runOnlyForDeploymentPostprocessing = 0;
		};
/* End PBXResourcesBuildPhase section */

/* Begin PBXSourcesBuildPhase section */
		1F25FF9E1C80F15F00A393E0 /* Sources */ = {
			isa = PBXSourcesBuildPhase;
			buildActionMask = 2147483647;
			files = (
				1F5BEAC61C86944400E7F08D /* AboutViewController.swift in Sources */,
				1F25FFA81C80F15F00A393E0 /* ViewController.swift in Sources */,
				1F25FFA61C80F15F00A393E0 /* AppDelegate.swift in Sources */,
			);
			runOnlyForDeploymentPostprocessing = 0;
		};
/* End PBXSourcesBuildPhase section */

/* Begin PBXVariantGroup section */
		1F25FFA91C80F15F00A393E0 /* Main.storyboard */ = {
			isa = PBXVariantGroup;
			children = (
				1F25FFAA1C80F15F00A393E0 /* Base */,
			);
			name = Main.storyboard;
			sourceTree = "<group>";
		};
/* End PBXVariantGroup section */

/* Begin XCBuildConfiguration section */
		1F25FFB21C80F15F00A393E0 /* Debug */ = {
			isa = XCBuildConfiguration;
			buildSettings = {
				ALWAYS_SEARCH_USER_PATHS = NO;
				CLANG_CXX_LANGUAGE_STANDARD = "gnu++0x";
				CLANG_CXX_LIBRARY = "libc++";
				CLANG_ENABLE_MODULES = YES;
				CLANG_ENABLE_OBJC_ARC = YES;
				CLANG_WARN_BOOL_CONVERSION = YES;
				CLANG_WARN_CONSTANT_CONVERSION = YES;
				CLANG_WARN_DIRECT_OBJC_ISA_USAGE = YES_ERROR;
				CLANG_WARN_EMPTY_BODY = YES;
				CLANG_WARN_ENUM_CONVERSION = YES;
				CLANG_WARN_INT_CONVERSION = YES;
				CLANG_WARN_OBJC_ROOT_CLASS = YES_ERROR;
				CLANG_WARN_UNREACHABLE_CODE = YES;
				CLANG_WARN__DUPLICATE_METHOD_MATCH = YES;
				"CODE_SIGN_IDENTITY[sdk=iphoneos*]" = "iPhone Developer";
				COPY_PHASE_STRIP = NO;
				DEBUG_INFORMATION_FORMAT = dwarf;
				ENABLE_STRICT_OBJC_MSGSEND = YES;
				ENABLE_TESTABILITY = YES;
				GCC_C_LANGUAGE_STANDARD = gnu99;
				GCC_DYNAMIC_NO_PIC = NO;
				GCC_NO_COMMON_BLOCKS = YES;
				GCC_OPTIMIZATION_LEVEL = 0;
				GCC_PREPROCESSOR_DEFINITIONS = (
					"DEBUG=1",
					"$(inherited)",
				);
				GCC_WARN_64_TO_32_BIT_CONVERSION = YES;
				GCC_WARN_ABOUT_RETURN_TYPE = YES_ERROR;
				GCC_WARN_UNDECLARED_SELECTOR = YES;
				GCC_WARN_UNINITIALIZED_AUTOS = YES_AGGRESSIVE;
				GCC_WARN_UNUSED_FUNCTION = YES;
				GCC_WARN_UNUSED_VARIABLE = YES;
				IPHONEOS_DEPLOYMENT_TARGET = 9.2;
				MTL_ENABLE_DEBUG_INFO = YES;
				ONLY_ACTIVE_ARCH = YES;
				SDKROOT = iphoneos;
				SWIFT_OPTIMIZATION_LEVEL = "-Onone";
			};
			name = Debug;
		};
		1F25FFB31C80F15F00A393E0 /* Release */ = {
			isa = XCBuildConfiguration;
			buildSettings = {
				ALWAYS_SEARCH_USER_PATHS = NO;
				CLANG_CXX_LANGUAGE_STANDARD = "gnu++0x";
				CLANG_CXX_LIBRARY = "libc++";
				CLANG_ENABLE_MODULES = YES;
				CLANG_ENABLE_OBJC_ARC = YES;
				CLANG_WARN_BOOL_CONVERSION = YES;
				CLANG_WARN_CONSTANT_CONVERSION = YES;
				CLANG_WARN_DIRECT_OBJC_ISA_USAGE = YES_ERROR;
				CLANG_WARN_EMPTY_BODY = YES;
				CLANG_WARN_ENUM_CONVERSION = YES;
				CLANG_WARN_INT_CONVERSION = YES;
				CLANG_WARN_OBJC_ROOT_CLASS = YES_ERROR;
				CLANG_WARN_UNREACHABLE_CODE = YES;
				CLANG_WARN__DUPLICATE_METHOD_MATCH = YES;
				"CODE_SIGN_IDENTITY[sdk=iphoneos*]" = "iPhone Developer";
				COPY_PHASE_STRIP = NO;
				DEBUG_INFORMATION_FORMAT = "dwarf-with-dsym";
				ENABLE_NS_ASSERTIONS = NO;
				ENABLE_STRICT_OBJC_MSGSEND = YES;
				GCC_C_LANGUAGE_STANDARD = gnu99;
				GCC_NO_COMMON_BLOCKS = YES;
				GCC_WARN_64_TO_32_BIT_CONVERSION = YES;
				GCC_WARN_ABOUT_RETURN_TYPE = YES_ERROR;
				GCC_WARN_UNDECLARED_SELECTOR = YES;
				GCC_WARN_UNINITIALIZED_AUTOS = YES_AGGRESSIVE;
				GCC_WARN_UNUSED_FUNCTION = YES;
				GCC_WARN_UNUSED_VARIABLE = YES;
				IPHONEOS_DEPLOYMENT_TARGET = 9.2;
				MTL_ENABLE_DEBUG_INFO = NO;
				SDKROOT = iphoneos;
				VALIDATE_PRODUCT = YES;
			};
			name = Release;
		};
		1F25FFB51C80F15F00A393E0 /* Debug */ = {
			isa = XCBuildConfiguration;
			buildSettings = {
				ASSETCATALOG_COMPILER_APPICON_NAME = AppIcon;
				CODE_SIGN_IDENTITY = "iPhone Developer";
				INFOPLIST_FILE = BullsEye/Info.plist;
				LD_RUNPATH_SEARCH_PATHS = "$(inherited) @executable_path/Frameworks";
				PRODUCT_BUNDLE_IDENTIFIER = com.cunningham.travis.BullsEye;
				PRODUCT_NAME = "$(TARGET_NAME)";
			};
			name = Debug;
		};
		1F25FFB61C80F15F00A393E0 /* Release */ = {
			isa = XCBuildConfiguration;
			buildSettings = {
				ASSETCATALOG_COMPILER_APPICON_NAME = AppIcon;
				CODE_SIGN_IDENTITY = "iPhone Developer";
				INFOPLIST_FILE = BullsEye/Info.plist;
				LD_RUNPATH_SEARCH_PATHS = "$(inherited) @executable_path/Frameworks";
				PRODUCT_BUNDLE_IDENTIFIER = com.cunningham.travis.BullsEye;
				PRODUCT_NAME = "$(TARGET_NAME)";
			};
			name = Release;
		};
/* End XCBuildConfiguration section */

/* Begin XCConfigurationList section */
		1F25FF9D1C80F15F00A393E0 /* Build configuration list for PBXProject "BullsEye" */ = {
			isa = XCConfigurationList;
			buildConfigurations = (
				1F25FFB21C80F15F00A393E0 /* Debug */,
				1F25FFB31C80F15F00A393E0 /* Release */,
			);
			defaultConfigurationIsVisible = 0;
			defaultConfigurationName = Release;
		};
		1F25FFB41C80F15F00A393E0 /* Build configuration list for PBXNativeTarget "BullsEye" */ = {
			isa = XCConfigurationList;
			buildConfigurations = (
				1F25FFB51C80F15F00A393E0 /* Debug */,
				1F25FFB61C80F15F00A393E0 /* Release */,
			);
			defaultConfigurationIsVisible = 0;
			defaultConfigurationName = Release;
		};
/* End XCConfigurationList section */
	};
	rootObject = 1F25FF9A1C80F15F00A393E0 /* Project object */;
}
